
Microsoft Visual Studio Solution File, Format Version 12.00
# Visual Studio Version 16
VisualStudioVersion = 16.0.29709.97
MinimumVisualStudioVersion = 10.0.40219.1
Project("{FAE04EC0-301F-11D3-BF4B-00C04F79EFBC}") = "BethanysPieShop", "BethanysPieShop\BethanysPieShop.csproj", "{4CD5F958-ECA7-4320-A8AE-EDE2783F43FF}"
EndProject
Global
	GlobalSection(SolutionConfigurationPlatforms) = preSolution
		Debug|Any CPU = Debug|Any CPU
		Release|Any CPU = Release|Any CPU
	EndGlobalSection
	GlobalSection(ProjectConfigurationPlatforms) = postSolution
		{4CD5F958-ECA7-4320-A8AE-EDE2783F43FF}.Debug|Any CPU.ActiveCfg = Debug|Any CPU
		{4CD5F958-ECA7-4320-A8AE-EDE2783F43FF}.Debug|Any CPU.Build.0 = Debug|Any CPU
		{4CD5F958-ECA7-4320-A8AE-EDE2783F43FF}.Release|Any CPU.ActiveCfg = Release|Any CPU
		{4CD5F958-ECA7-4320-A8AE-EDE2783F43FF}.Release|Any CPU.Build.0 = Release|Any CPU
	EndGlobalSection
	GlobalSection(SolutionProperties) = preSolution
		HideSolutionNode = FALSE
	EndGlobalSection
	GlobalSection(ExtensibilityGlobals) = postSolution
		SolutionGuid = {11E2D4AB-AFEB-43C9-A2A0-EC89DC9F0EE7}
	EndGlobalSection
EndGlobal
